
Microsoft Visual Studio Solution File, Format Version 12.00
# Visual Studio Version 17
VisualStudioVersion = 17.10.35122.118
MinimumVisualStudioVersion = 10.0.40219.1
Project("{FAE04EC0-301F-11D3-BF4B-00C04F79EFBC}") = "DesktopContactsApp", "DesktopContactsApp\DesktopContactsApp.csproj", "{3C1C01E4-88D7-4BA5-90AB-F62AAEE9001A}"
EndProject
Global
	GlobalSection(SolutionConfigurationPlatforms) = preSolution
		Debug|Any CPU = Debug|Any CPU
		Release|Any CPU = Release|Any CPU
	EndGlobalSection
	GlobalSection(ProjectConfigurationPlatforms) = postSolution
		{3C1C01E4-88D7-4BA5-90AB-F62AAEE9001A}.Debug|Any CPU.ActiveCfg = Debug|Any CPU
		{3C1C01E4-88D7-4BA5-90AB-F62AAEE9001A}.Debug|Any CPU.Build.0 = Debug|Any CPU
		{3C1C01E4-88D7-4BA5-90AB-F62AAEE9001A}.Release|Any CPU.ActiveCfg = Release|Any CPU
		{3C1C01E4-88D7-4BA5-90AB-F62AAEE9001A}.Release|Any CPU.Build.0 = Release|Any CPU
	EndGlobalSection
	GlobalSection(SolutionProperties) = preSolution
		HideSolutionNode = FALSE
	EndGlobalSection
	GlobalSection(ExtensibilityGlobals) = postSolution
		SolutionGuid = {E0C2CCF3-12AE-4BAA-8F9B-6D5602FF3363}
	EndGlobalSection
EndGlobal
